
Microsoft Visual Studio Solution File, Format Version 12.00
# Visual Studio Version 17
VisualStudioVersion = 17.9.34714.143
MinimumVisualStudioVersion = 10.0.40219.1
Project("{FAE04EC0-301F-11D3-BF4B-00C04F79EFBC}") = "QuanLiThuVien", "QuanLiThuVien\QuanLiThuVien.csproj", "{963F444A-8592-4AB3-BC34-5D45F910DEA9}"
EndProject
Global
	GlobalSection(SolutionConfigurationPlatforms) = preSolution
		Debug|Any CPU = Debug|Any CPU
		Release|Any CPU = Release|Any CPU
	EndGlobalSection
	GlobalSection(ProjectConfigurationPlatforms) = postSolution
		{963F444A-8592-4AB3-BC34-5D45F910DEA9}.Debug|Any CPU.ActiveCfg = Debug|Any CPU
		{963F444A-8592-4AB3-BC34-5D45F910DEA9}.Debug|Any CPU.Build.0 = Debug|Any CPU
		{963F444A-8592-4AB3-BC34-5D45F910DEA9}.Release|Any CPU.ActiveCfg = Release|Any CPU
		{963F444A-8592-4AB3-BC34-5D45F910DEA9}.Release|Any CPU.Build.0 = Release|Any CPU
	EndGlobalSection
	GlobalSection(SolutionProperties) = preSolution
		HideSolutionNode = FALSE
	EndGlobalSection
	GlobalSection(ExtensibilityGlobals) = postSolution
		SolutionGuid = {8BE3E6FA-9C5D-4EF7-8AA3-78F745760B9A}
	EndGlobalSection
EndGlobal
